
Microsoft Visual Studio Solution File, Format Version 12.00
# Visual Studio Version 17
VisualStudioVersion = 17.5.002.0
MinimumVisualStudioVersion = 10.0.40219.1
Project("{9A19103F-16F7-4668-BE54-9A1E7A4F7556}") = "tp-product-management-app", "tp-product-management-app.csproj", "{4A0A16F6-6081-44FC-BB19-4DC2EFC735A5}"
EndProject
Global
	GlobalSection(SolutionConfigurationPlatforms) = preSolution
		Debug|Any CPU = Debug|Any CPU
		Release|Any CPU = Release|Any CPU
	EndGlobalSection
	GlobalSection(ProjectConfigurationPlatforms) = postSolution
		{4A0A16F6-6081-44FC-BB19-4DC2EFC735A5}.Debug|Any CPU.ActiveCfg = Debug|Any CPU
		{4A0A16F6-6081-44FC-BB19-4DC2EFC735A5}.Debug|Any CPU.Build.0 = Debug|Any CPU
		{4A0A16F6-6081-44FC-BB19-4DC2EFC735A5}.Release|Any CPU.ActiveCfg = Release|Any CPU
		{4A0A16F6-6081-44FC-BB19-4DC2EFC735A5}.Release|Any CPU.Build.0 = Release|Any CPU
	EndGlobalSection
	GlobalSection(SolutionProperties) = preSolution
		HideSolutionNode = FALSE
	EndGlobalSection
	GlobalSection(ExtensibilityGlobals) = postSolution
		SolutionGuid = {E6E8C93A-1439-42FA-AF28-58605A791700}
	EndGlobalSection
EndGlobal
